
Microsoft Visual Studio Solution File, Format Version 12.00
# Visual Studio Version 16
VisualStudioVersion = 16.0.29806.167
MinimumVisualStudioVersion = 10.0.40219.1
Project("{FAE04EC0-301F-11D3-BF4B-00C04F79EFBC}") = "SpcTimer", "SpcTimer\SpcTimer.csproj", "{B53D45E9-20DC-4CDE-BB8B-037D6E7FD20B}"
EndProject
Project("{FAE04EC0-301F-11D3-BF4B-00C04F79EFBC}") = "TimerLibrary", "TimerLibrary\TimerLibrary.csproj", "{C210C110-B664-4900-828E-7CD99294BF38}"
EndProject
Project("{FAE04EC0-301F-11D3-BF4B-00C04F79EFBC}") = "TimerLibrary.Tests", "TimerLibrary.Tests\TimerLibrary.Tests.csproj", "{596626D0-A2D8-4C7A-A529-DEAD4AB083CC}"
EndProject
Global
	GlobalSection(SolutionConfigurationPlatforms) = preSolution
		Debug|Any CPU = Debug|Any CPU
		Release|Any CPU = Release|Any CPU
	EndGlobalSection
	GlobalSection(ProjectConfigurationPlatforms) = postSolution
		{B53D45E9-20DC-4CDE-BB8B-037D6E7FD20B}.Debug|Any CPU.ActiveCfg = Debug|Any CPU
		{B53D45E9-20DC-4CDE-BB8B-037D6E7FD20B}.Debug|Any CPU.Build.0 = Debug|Any CPU
		{B53D45E9-20DC-4CDE-BB8B-037D6E7FD20B}.Release|Any CPU.ActiveCfg = Release|Any CPU
		{B53D45E9-20DC-4CDE-BB8B-037D6E7FD20B}.Release|Any CPU.Build.0 = Release|Any CPU
		{C210C110-B664-4900-828E-7CD99294BF38}.Debug|Any CPU.ActiveCfg = Debug|Any CPU
		{C210C110-B664-4900-828E-7CD99294BF38}.Debug|Any CPU.Build.0 = Debug|Any CPU
		{C210C110-B664-4900-828E-7CD99294BF38}.Release|Any CPU.ActiveCfg = Release|Any CPU
		{C210C110-B664-4900-828E-7CD99294BF38}.Release|Any CPU.Build.0 = Release|Any CPU
		{596626D0-A2D8-4C7A-A529-DEAD4AB083CC}.Debug|Any CPU.ActiveCfg = Debug|Any CPU
		{596626D0-A2D8-4C7A-A529-DEAD4AB083CC}.Debug|Any CPU.Build.0 = Debug|Any CPU
		{596626D0-A2D8-4C7A-A529-DEAD4AB083CC}.Release|Any CPU.ActiveCfg = Release|Any CPU
		{596626D0-A2D8-4C7A-A529-DEAD4AB083CC}.Release|Any CPU.Build.0 = Release|Any CPU
	EndGlobalSection
	GlobalSection(SolutionProperties) = preSolution
		HideSolutionNode = FALSE
	EndGlobalSection
	GlobalSection(ExtensibilityGlobals) = postSolution
		SolutionGuid = {30948072-14B6-496A-8F86-1D8AF6862614}
	EndGlobalSection
EndGlobal
